
Microsoft Visual Studio Solution File, Format Version 12.00
# Visual Studio 14
VisualStudioVersion = 14.0.25420.1
MinimumVisualStudioVersion = 10.0.40219.1
Project("{FAE04EC0-301F-11D3-BF4B-00C04F79EFBC}") = "UnServicioLol", "UnServicioLol\UnServicioLol.csproj", "{39A4EF90-4C7F-4BDA-92C0-266ABDF0075C}"
EndProject
Global
	GlobalSection(SolutionConfigurationPlatforms) = preSolution
		Debug|Any CPU = Debug|Any CPU
		Release|Any CPU = Release|Any CPU
	EndGlobalSection
	GlobalSection(ProjectConfigurationPlatforms) = postSolution
		{39A4EF90-4C7F-4BDA-92C0-266ABDF0075C}.Debug|Any CPU.ActiveCfg = Debug|Any CPU
		{39A4EF90-4C7F-4BDA-92C0-266ABDF0075C}.Debug|Any CPU.Build.0 = Debug|Any CPU
		{39A4EF90-4C7F-4BDA-92C0-266ABDF0075C}.Release|Any CPU.ActiveCfg = Release|Any CPU
		{39A4EF90-4C7F-4BDA-92C0-266ABDF0075C}.Release|Any CPU.Build.0 = Release|Any CPU
	EndGlobalSection
	GlobalSection(SolutionProperties) = preSolution
		HideSolutionNode = FALSE
	EndGlobalSection
EndGlobal
