
Microsoft Visual Studio Solution File, Format Version 12.00
# Visual Studio Version 16
VisualStudioVersion = 16.0.29920.165
MinimumVisualStudioVersion = 10.0.40219.1
Project("{FAE04EC0-301F-11D3-BF4B-00C04F79EFBC}") = "MagnaDB.SqlServer", "MagnaDB.SqlServer\MagnaDB.SqlServer.csproj", "{C0F71A2E-3311-4544-A6E3-51FB6562C87F}"
EndProject
Project("{FAE04EC0-301F-11D3-BF4B-00C04F79EFBC}") = "MagnaDB.SQLite", "MagnaDB.SQLite\MagnaDB.SQLite.csproj", "{D25ACCD2-FF40-4764-ABA1-C8A364A8DB84}"
EndProject
Project("{FAE04EC0-301F-11D3-BF4B-00C04F79EFBC}") = "MagnaDB.MySQL", "MagnaDB.MySQL\MagnaDB.MySQL.csproj", "{5118B4FA-D788-40EF-A278-257C0E2B070D}"
EndProject
Global
	GlobalSection(SolutionConfigurationPlatforms) = preSolution
		Debug|Any CPU = Debug|Any CPU
		Release|Any CPU = Release|Any CPU
	EndGlobalSection
	GlobalSection(ProjectConfigurationPlatforms) = postSolution
		{C0F71A2E-3311-4544-A6E3-51FB6562C87F}.Debug|Any CPU.ActiveCfg = Debug|Any CPU
		{C0F71A2E-3311-4544-A6E3-51FB6562C87F}.Debug|Any CPU.Build.0 = Debug|Any CPU
		{C0F71A2E-3311-4544-A6E3-51FB6562C87F}.Release|Any CPU.ActiveCfg = Release|Any CPU
		{C0F71A2E-3311-4544-A6E3-51FB6562C87F}.Release|Any CPU.Build.0 = Release|Any CPU
		{D25ACCD2-FF40-4764-ABA1-C8A364A8DB84}.Debug|Any CPU.ActiveCfg = Debug|Any CPU
		{D25ACCD2-FF40-4764-ABA1-C8A364A8DB84}.Debug|Any CPU.Build.0 = Debug|Any CPU
		{D25ACCD2-FF40-4764-ABA1-C8A364A8DB84}.Release|Any CPU.ActiveCfg = Release|Any CPU
		{D25ACCD2-FF40-4764-ABA1-C8A364A8DB84}.Release|Any CPU.Build.0 = Release|Any CPU
		{5118B4FA-D788-40EF-A278-257C0E2B070D}.Debug|Any CPU.ActiveCfg = Debug|Any CPU
		{5118B4FA-D788-40EF-A278-257C0E2B070D}.Debug|Any CPU.Build.0 = Debug|Any CPU
		{5118B4FA-D788-40EF-A278-257C0E2B070D}.Release|Any CPU.ActiveCfg = Release|Any CPU
		{5118B4FA-D788-40EF-A278-257C0E2B070D}.Release|Any CPU.Build.0 = Release|Any CPU
	EndGlobalSection
	GlobalSection(SolutionProperties) = preSolution
		HideSolutionNode = FALSE
	EndGlobalSection
	GlobalSection(ExtensibilityGlobals) = postSolution
		SolutionGuid = {E977589B-44A7-4038-86AE-FCF377961A5C}
	EndGlobalSection
EndGlobal
